
Microsoft Visual Studio Solution File, Format Version 12.00
# Visual Studio Version 17
VisualStudioVersion = 17.6.33723.286
MinimumVisualStudioVersion = 10.0.40219.1
Project("{9A19103F-16F7-4668-BE54-9A1E7A4F7556}") = "jishianquan", "TestProgram\jishianquan.csproj", "{0D6FC9DB-4DC3-4A9A-ABA8-A243E6FD0C48}"
EndProject
Project("{FAE04EC0-301F-11D3-BF4B-00C04F79EFBC}") = "alibaba", "alibaba\alibaba.csproj", "{E68AC34C-8EAE-417A-B414-66FDAA872034}"
EndProject
Global
	GlobalSection(SolutionConfigurationPlatforms) = preSolution
		Debug|Any CPU = Debug|Any CPU
		Release|Any CPU = Release|Any CPU
	EndGlobalSection
	GlobalSection(ProjectConfigurationPlatforms) = postSolution
		{0D6FC9DB-4DC3-4A9A-ABA8-A243E6FD0C48}.Debug|Any CPU.ActiveCfg = Debug|Any CPU
		{0D6FC9DB-4DC3-4A9A-ABA8-A243E6FD0C48}.Debug|Any CPU.Build.0 = Debug|Any CPU
		{0D6FC9DB-4DC3-4A9A-ABA8-A243E6FD0C48}.Release|Any CPU.ActiveCfg = Release|Any CPU
		{0D6FC9DB-4DC3-4A9A-ABA8-A243E6FD0C48}.Release|Any CPU.Build.0 = Release|Any CPU
		{E68AC34C-8EAE-417A-B414-66FDAA872034}.Debug|Any CPU.ActiveCfg = Debug|Any CPU
		{E68AC34C-8EAE-417A-B414-66FDAA872034}.Debug|Any CPU.Build.0 = Debug|Any CPU
		{E68AC34C-8EAE-417A-B414-66FDAA872034}.Release|Any CPU.ActiveCfg = Release|Any CPU
		{E68AC34C-8EAE-417A-B414-66FDAA872034}.Release|Any CPU.Build.0 = Release|Any CPU
	EndGlobalSection
	GlobalSection(SolutionProperties) = preSolution
		HideSolutionNode = FALSE
	EndGlobalSection
	GlobalSection(ExtensibilityGlobals) = postSolution
		SolutionGuid = {45ED6DA2-22B1-48C5-B125-CAC18DC8DF22}
	EndGlobalSection
EndGlobal
